
Microsoft Visual Studio Solution File, Format Version 12.00
# Visual Studio Version 16
VisualStudioVersion = 16.0.31205.134
MinimumVisualStudioVersion = 10.0.40219.1
Project("{FAE04EC0-301F-11D3-BF4B-00C04F79EFBC}") = "LCC", "LCC.csproj", "{3484A13C-4ADE-4FA7-BB24-B1B5DB740EC2}"
EndProject
Global
	GlobalSection(SolutionConfigurationPlatforms) = preSolution
		Debug|Any CPU = Debug|Any CPU
		Release|Any CPU = Release|Any CPU
	EndGlobalSection
	GlobalSection(ProjectConfigurationPlatforms) = postSolution
		{3484A13C-4ADE-4FA7-BB24-B1B5DB740EC2}.Debug|Any CPU.ActiveCfg = Debug|Any CPU
		{3484A13C-4ADE-4FA7-BB24-B1B5DB740EC2}.Debug|Any CPU.Build.0 = Debug|Any CPU
		{3484A13C-4ADE-4FA7-BB24-B1B5DB740EC2}.Release|Any CPU.ActiveCfg = Release|Any CPU
		{3484A13C-4ADE-4FA7-BB24-B1B5DB740EC2}.Release|Any CPU.Build.0 = Release|Any CPU
	EndGlobalSection
	GlobalSection(SolutionProperties) = preSolution
		HideSolutionNode = FALSE
	EndGlobalSection
	GlobalSection(ExtensibilityGlobals) = postSolution
		SolutionGuid = {7362BD6F-C8F7-48D6-821A-82B41CEFA77C}
	EndGlobalSection
EndGlobal
